
Microsoft Visual Studio Solution File, Format Version 12.00
# Visual Studio Version 16
VisualStudioVersion = 16.0.32106.194
MinimumVisualStudioVersion = 10.0.40219.1
Project("{FAE04EC0-301F-11D3-BF4B-00C04F79EFBC}") = "WebApi1", "WebApi1.csproj", "{FE587FF0-7423-4FA2-9CA2-BDAD43AAED91}"
EndProject
Global
	GlobalSection(SolutionConfigurationPlatforms) = preSolution
		Debug|Any CPU = Debug|Any CPU
		Release|Any CPU = Release|Any CPU
	EndGlobalSection
	GlobalSection(ProjectConfigurationPlatforms) = postSolution
		{FE587FF0-7423-4FA2-9CA2-BDAD43AAED91}.Debug|Any CPU.ActiveCfg = Debug|Any CPU
		{FE587FF0-7423-4FA2-9CA2-BDAD43AAED91}.Debug|Any CPU.Build.0 = Debug|Any CPU
		{FE587FF0-7423-4FA2-9CA2-BDAD43AAED91}.Release|Any CPU.ActiveCfg = Release|Any CPU
		{FE587FF0-7423-4FA2-9CA2-BDAD43AAED91}.Release|Any CPU.Build.0 = Release|Any CPU
	EndGlobalSection
	GlobalSection(SolutionProperties) = preSolution
		HideSolutionNode = FALSE
	EndGlobalSection
	GlobalSection(ExtensibilityGlobals) = postSolution
		SolutionGuid = {72304197-8573-4451-B553-708BD4B565AA}
	EndGlobalSection
EndGlobal
