
Microsoft Visual Studio Solution File, Format Version 12.00
# Visual Studio Version 16
VisualStudioVersion = 16.0.32106.194
MinimumVisualStudioVersion = 10.0.40219.1
Project("{FAE04EC0-301F-11D3-BF4B-00C04F79EFBC}") = "assignment_1", "assignment_1.csproj", "{B652AAAE-D00D-4C31-810B-7D5332F0ABEC}"
EndProject
Global
	GlobalSection(SolutionConfigurationPlatforms) = preSolution
		Debug|Any CPU = Debug|Any CPU
		Release|Any CPU = Release|Any CPU
	EndGlobalSection
	GlobalSection(ProjectConfigurationPlatforms) = postSolution
		{B652AAAE-D00D-4C31-810B-7D5332F0ABEC}.Debug|Any CPU.ActiveCfg = Debug|Any CPU
		{B652AAAE-D00D-4C31-810B-7D5332F0ABEC}.Debug|Any CPU.Build.0 = Debug|Any CPU
		{B652AAAE-D00D-4C31-810B-7D5332F0ABEC}.Release|Any CPU.ActiveCfg = Release|Any CPU
		{B652AAAE-D00D-4C31-810B-7D5332F0ABEC}.Release|Any CPU.Build.0 = Release|Any CPU
	EndGlobalSection
	GlobalSection(SolutionProperties) = preSolution
		HideSolutionNode = FALSE
	EndGlobalSection
	GlobalSection(ExtensibilityGlobals) = postSolution
		SolutionGuid = {815274A1-F252-4DE2-B7D6-878211663CA9}
	EndGlobalSection
EndGlobal
